
Microsoft Visual Studio Solution File, Format Version 12.00
Project("{2150E333-8FDC-42A3-9474-1A3956D46DE8}") = "Solution Items", "Solution Items", "{AE45D0D4-B5BB-4DE3-BDAC-55FBF7BD8AEF}"
	ProjectSection(SolutionItems) = preProject
		.gitignore = .gitignore
		README.md = README.md
		DesignPattern.sln = DesignPattern.sln
	EndProjectSection
EndProject
Project("{2150E333-8FDC-42A3-9474-1A3956D46DE8}") = "Creational", "Creational", "{45EF669B-3183-4A0C-A2A2-52F78C34EB64}"
EndProject
Project("{2150E333-8FDC-42A3-9474-1A3956D46DE8}") = "Structural", "Structural", "{0F943BDC-4EA9-4429-8BD9-E4CA724E3487}"
EndProject
Project("{2150E333-8FDC-42A3-9474-1A3956D46DE8}") = "Behavioral", "Behavioral", "{72000074-28EC-4A87-903F-70796B1BE4E5}"
EndProject
Project("{FAE04EC0-301F-11D3-BF4B-00C04F79EFBC}") = "FactoryMethod", "Creational\FactoryMethod\FactoryMethod.csproj", "{C7E8D53C-4053-4573-8775-7E675AA15164}"
EndProject
Project("{FAE04EC0-301F-11D3-BF4B-00C04F79EFBC}") = "AbstractFactory", "Creational\AbstractFactory\AbstractFactory.csproj", "{4C36649A-9BE2-46DB-BEEC-3DFE0C04EF6E}"
EndProject
Project("{FAE04EC0-301F-11D3-BF4B-00C04F79EFBC}") = "Builder", "Creational\Builder\Builder.csproj", "{941DE247-31D2-46D6-B443-342A159CF5F7}"
EndProject
Project("{FAE04EC0-301F-11D3-BF4B-00C04F79EFBC}") = "Prototype", "Creational\Prototype\Prototype.csproj", "{0E87AF8A-63FB-431E-98B9-62F6A49E0E36}"
EndProject
Project("{FAE04EC0-301F-11D3-BF4B-00C04F79EFBC}") = "Singleton", "Creational\Singleton\Singleton.csproj", "{4789F088-CFD8-433E-A877-32E3A0DA0D18}"
EndProject
Project("{FAE04EC0-301F-11D3-BF4B-00C04F79EFBC}") = "Adapter", "Structural\Adapter\Adapter.csproj", "{4C961F53-7281-4FF4-B5CB-34FA1DF3B605}"
EndProject
Project("{FAE04EC0-301F-11D3-BF4B-00C04F79EFBC}") = "Bridge", "Structural\Bridge\Bridge.csproj", "{D3444D7F-46D8-4D0D-B053-03E25CB245CB}"
EndProject
Project("{FAE04EC0-301F-11D3-BF4B-00C04F79EFBC}") = "Composite", "Structural\Composite\Composite.csproj", "{B79934EA-38C9-41BE-94B9-E5CEA67FBC98}"
EndProject
Project("{FAE04EC0-301F-11D3-BF4B-00C04F79EFBC}") = "Decorator", "Structural\Decorator\Decorator.csproj", "{019A6568-0A96-42CE-8CD9-9D04B8AA0947}"
EndProject
Project("{FAE04EC0-301F-11D3-BF4B-00C04F79EFBC}") = "Facade", "Structural\Facade\Facade.csproj", "{2D13D425-A917-4A36-ACE8-AD7735DA945D}"
EndProject
Project("{FAE04EC0-301F-11D3-BF4B-00C04F79EFBC}") = "Flyweight", "Structural\Flyweight\Flyweight.csproj", "{2A6ED262-021E-4BCA-A3C9-9CC48294F103}"
EndProject
Project("{FAE04EC0-301F-11D3-BF4B-00C04F79EFBC}") = "Proxy", "Structural\Proxy\Proxy.csproj", "{C04A345F-D1B6-4B77-A69F-378071AEB05D}"
EndProject
Project("{FAE04EC0-301F-11D3-BF4B-00C04F79EFBC}") = "ChainOfResponsibility", "Behavioral\ChainOfResponsibility\ChainOfResponsibility.csproj", "{873FBFF8-3C65-48B0-A16A-802EBFA990A9}"
EndProject
Project("{FAE04EC0-301F-11D3-BF4B-00C04F79EFBC}") = "Command", "Behavioral\Command\Command.csproj", "{704267F1-B96A-44AB-A715-FF5E4A99EF4E}"
EndProject
Project("{FAE04EC0-301F-11D3-BF4B-00C04F79EFBC}") = "Iterator", "Behavioral\Iterator\Iterator.csproj", "{00A440B3-8C0F-44F7-949A-BE270CE7BC71}"
EndProject
Project("{FAE04EC0-301F-11D3-BF4B-00C04F79EFBC}") = "Mediator", "Behavioral\Mediator\Mediator.csproj", "{F8D2A6D3-A78D-436E-8CC2-E089D9BB0631}"
EndProject
Project("{FAE04EC0-301F-11D3-BF4B-00C04F79EFBC}") = "Memento", "Behavioral\Memento\Memento.csproj", "{7BE30250-B4E5-4E40-868A-1A7B003284A0}"
EndProject
Project("{FAE04EC0-301F-11D3-BF4B-00C04F79EFBC}") = "Observer", "Behavioral\Observer\Observer.csproj", "{1D0F9263-8054-4A50-B291-2C753F2FC870}"
EndProject
Project("{FAE04EC0-301F-11D3-BF4B-00C04F79EFBC}") = "State", "Behavioral\State\State.csproj", "{ADE7C8ED-79BC-41D7-95D5-EDA05C53E684}"
EndProject
Project("{FAE04EC0-301F-11D3-BF4B-00C04F79EFBC}") = "Strategy", "Behavioral\Strategy\Strategy.csproj", "{550609DC-BC3B-4B1E-BB16-5281B47CCAE0}"
EndProject
Project("{FAE04EC0-301F-11D3-BF4B-00C04F79EFBC}") = "TemplateMethod", "Behavioral\TemplateMethod\TemplateMethod.csproj", "{467C4179-FF90-4B7A-A22C-B10479996E88}"
EndProject
Project("{FAE04EC0-301F-11D3-BF4B-00C04F79EFBC}") = "Visitor", "Behavioral\Visitor\Visitor.csproj", "{B7314830-04A7-4C5F-BC2C-A93489149A58}"
EndProject
Project("{2150E333-8FDC-42A3-9474-1A3956D46DE8}") = "SOLID", "SOLID", "{B0105EA5-9E68-4C72-AFD7-0CDC3D0B4C2A}"
EndProject
Project("{FAE04EC0-301F-11D3-BF4B-00C04F79EFBC}") = "SingleResponsibilityPrinciple", "SOLID\SingleResponsibilityPrinciple\SingleResponsibilityPrinciple.csproj", "{455C41CC-477B-48B5-82B0-C2458733C60D}"
EndProject
Project("{FAE04EC0-301F-11D3-BF4B-00C04F79EFBC}") = "OpenClosedPrinciple", "SOLID\OpenClosedPrinciple\OpenClosedPrinciple.csproj", "{F3374657-5779-442B-86E3-E923F385486A}"
EndProject
Project("{FAE04EC0-301F-11D3-BF4B-00C04F79EFBC}") = "LiskovSubstitutionPrinciple", "SOLID\LiskovSubstitutionPrinciple\LiskovSubstitutionPrinciple.csproj", "{24C1EEF2-9C60-4610-BDCE-9303213E0831}"
EndProject
Project("{FAE04EC0-301F-11D3-BF4B-00C04F79EFBC}") = "InterfaceSegregationPrinciple", "SOLID\InterfaceSegregationPrinciple\InterfaceSegregationPrinciple.csproj", "{551E2882-07B9-4D1B-8257-46B32B2BA45D}"
EndProject
Project("{FAE04EC0-301F-11D3-BF4B-00C04F79EFBC}") = "DependencyInversionPrinciple", "SOLID\DependencyInversionPrinciple\DependencyInversionPrinciple.csproj", "{B166F6A2-A507-4F3D-9CE3-DB67E5FD1E2E}"
EndProject
Global
	GlobalSection(SolutionConfigurationPlatforms) = preSolution
		Debug|Any CPU = Debug|Any CPU
		Release|Any CPU = Release|Any CPU
	EndGlobalSection
	GlobalSection(NestedProjects) = preSolution
		{C7E8D53C-4053-4573-8775-7E675AA15164} = {45EF669B-3183-4A0C-A2A2-52F78C34EB64}
		{4C36649A-9BE2-46DB-BEEC-3DFE0C04EF6E} = {45EF669B-3183-4A0C-A2A2-52F78C34EB64}
		{941DE247-31D2-46D6-B443-342A159CF5F7} = {45EF669B-3183-4A0C-A2A2-52F78C34EB64}
		{0E87AF8A-63FB-431E-98B9-62F6A49E0E36} = {45EF669B-3183-4A0C-A2A2-52F78C34EB64}
		{4789F088-CFD8-433E-A877-32E3A0DA0D18} = {45EF669B-3183-4A0C-A2A2-52F78C34EB64}
		{4C961F53-7281-4FF4-B5CB-34FA1DF3B605} = {0F943BDC-4EA9-4429-8BD9-E4CA724E3487}
		{D3444D7F-46D8-4D0D-B053-03E25CB245CB} = {0F943BDC-4EA9-4429-8BD9-E4CA724E3487}
		{B79934EA-38C9-41BE-94B9-E5CEA67FBC98} = {0F943BDC-4EA9-4429-8BD9-E4CA724E3487}
		{019A6568-0A96-42CE-8CD9-9D04B8AA0947} = {0F943BDC-4EA9-4429-8BD9-E4CA724E3487}
		{2D13D425-A917-4A36-ACE8-AD7735DA945D} = {0F943BDC-4EA9-4429-8BD9-E4CA724E3487}
		{2A6ED262-021E-4BCA-A3C9-9CC48294F103} = {0F943BDC-4EA9-4429-8BD9-E4CA724E3487}
		{C04A345F-D1B6-4B77-A69F-378071AEB05D} = {0F943BDC-4EA9-4429-8BD9-E4CA724E3487}
		{873FBFF8-3C65-48B0-A16A-802EBFA990A9} = {72000074-28EC-4A87-903F-70796B1BE4E5}
		{704267F1-B96A-44AB-A715-FF5E4A99EF4E} = {72000074-28EC-4A87-903F-70796B1BE4E5}
		{00A440B3-8C0F-44F7-949A-BE270CE7BC71} = {72000074-28EC-4A87-903F-70796B1BE4E5}
		{F8D2A6D3-A78D-436E-8CC2-E089D9BB0631} = {72000074-28EC-4A87-903F-70796B1BE4E5}
		{7BE30250-B4E5-4E40-868A-1A7B003284A0} = {72000074-28EC-4A87-903F-70796B1BE4E5}
		{1D0F9263-8054-4A50-B291-2C753F2FC870} = {72000074-28EC-4A87-903F-70796B1BE4E5}
		{ADE7C8ED-79BC-41D7-95D5-EDA05C53E684} = {72000074-28EC-4A87-903F-70796B1BE4E5}
		{550609DC-BC3B-4B1E-BB16-5281B47CCAE0} = {72000074-28EC-4A87-903F-70796B1BE4E5}
		{467C4179-FF90-4B7A-A22C-B10479996E88} = {72000074-28EC-4A87-903F-70796B1BE4E5}
		{B7314830-04A7-4C5F-BC2C-A93489149A58} = {72000074-28EC-4A87-903F-70796B1BE4E5}
		{455C41CC-477B-48B5-82B0-C2458733C60D} = {B0105EA5-9E68-4C72-AFD7-0CDC3D0B4C2A}
		{F3374657-5779-442B-86E3-E923F385486A} = {B0105EA5-9E68-4C72-AFD7-0CDC3D0B4C2A}
		{24C1EEF2-9C60-4610-BDCE-9303213E0831} = {B0105EA5-9E68-4C72-AFD7-0CDC3D0B4C2A}
		{551E2882-07B9-4D1B-8257-46B32B2BA45D} = {B0105EA5-9E68-4C72-AFD7-0CDC3D0B4C2A}
		{B166F6A2-A507-4F3D-9CE3-DB67E5FD1E2E} = {B0105EA5-9E68-4C72-AFD7-0CDC3D0B4C2A}
	EndGlobalSection
	GlobalSection(ProjectConfigurationPlatforms) = postSolution
		{C7E8D53C-4053-4573-8775-7E675AA15164}.Debug|Any CPU.ActiveCfg = Debug|Any CPU
		{C7E8D53C-4053-4573-8775-7E675AA15164}.Debug|Any CPU.Build.0 = Debug|Any CPU
		{C7E8D53C-4053-4573-8775-7E675AA15164}.Release|Any CPU.ActiveCfg = Release|Any CPU
		{C7E8D53C-4053-4573-8775-7E675AA15164}.Release|Any CPU.Build.0 = Release|Any CPU
		{4C36649A-9BE2-46DB-BEEC-3DFE0C04EF6E}.Debug|Any CPU.ActiveCfg = Debug|Any CPU
		{4C36649A-9BE2-46DB-BEEC-3DFE0C04EF6E}.Debug|Any CPU.Build.0 = Debug|Any CPU
		{4C36649A-9BE2-46DB-BEEC-3DFE0C04EF6E}.Release|Any CPU.ActiveCfg = Release|Any CPU
		{4C36649A-9BE2-46DB-BEEC-3DFE0C04EF6E}.Release|Any CPU.Build.0 = Release|Any CPU
		{941DE247-31D2-46D6-B443-342A159CF5F7}.Debug|Any CPU.ActiveCfg = Debug|Any CPU
		{941DE247-31D2-46D6-B443-342A159CF5F7}.Debug|Any CPU.Build.0 = Debug|Any CPU
		{941DE247-31D2-46D6-B443-342A159CF5F7}.Release|Any CPU.ActiveCfg = Release|Any CPU
		{941DE247-31D2-46D6-B443-342A159CF5F7}.Release|Any CPU.Build.0 = Release|Any CPU
		{0E87AF8A-63FB-431E-98B9-62F6A49E0E36}.Debug|Any CPU.ActiveCfg = Debug|Any CPU
		{0E87AF8A-63FB-431E-98B9-62F6A49E0E36}.Debug|Any CPU.Build.0 = Debug|Any CPU
		{0E87AF8A-63FB-431E-98B9-62F6A49E0E36}.Release|Any CPU.ActiveCfg = Release|Any CPU
		{0E87AF8A-63FB-431E-98B9-62F6A49E0E36}.Release|Any CPU.Build.0 = Release|Any CPU
		{4789F088-CFD8-433E-A877-32E3A0DA0D18}.Debug|Any CPU.ActiveCfg = Debug|Any CPU
		{4789F088-CFD8-433E-A877-32E3A0DA0D18}.Debug|Any CPU.Build.0 = Debug|Any CPU
		{4789F088-CFD8-433E-A877-32E3A0DA0D18}.Release|Any CPU.ActiveCfg = Release|Any CPU
		{4789F088-CFD8-433E-A877-32E3A0DA0D18}.Release|Any CPU.Build.0 = Release|Any CPU
		{4C961F53-7281-4FF4-B5CB-34FA1DF3B605}.Debug|Any CPU.ActiveCfg = Debug|Any CPU
		{4C961F53-7281-4FF4-B5CB-34FA1DF3B605}.Debug|Any CPU.Build.0 = Debug|Any CPU
		{4C961F53-7281-4FF4-B5CB-34FA1DF3B605}.Release|Any CPU.ActiveCfg = Release|Any CPU
		{4C961F53-7281-4FF4-B5CB-34FA1DF3B605}.Release|Any CPU.Build.0 = Release|Any CPU
		{D3444D7F-46D8-4D0D-B053-03E25CB245CB}.Debug|Any CPU.ActiveCfg = Debug|Any CPU
		{D3444D7F-46D8-4D0D-B053-03E25CB245CB}.Debug|Any CPU.Build.0 = Debug|Any CPU
		{D3444D7F-46D8-4D0D-B053-03E25CB245CB}.Release|Any CPU.ActiveCfg = Release|Any CPU
		{D3444D7F-46D8-4D0D-B053-03E25CB245CB}.Release|Any CPU.Build.0 = Release|Any CPU
		{B79934EA-38C9-41BE-94B9-E5CEA67FBC98}.Debug|Any CPU.ActiveCfg = Debug|Any CPU
		{B79934EA-38C9-41BE-94B9-E5CEA67FBC98}.Debug|Any CPU.Build.0 = Debug|Any CPU
		{B79934EA-38C9-41BE-94B9-E5CEA67FBC98}.Release|Any CPU.ActiveCfg = Release|Any CPU
		{B79934EA-38C9-41BE-94B9-E5CEA67FBC98}.Release|Any CPU.Build.0 = Release|Any CPU
		{019A6568-0A96-42CE-8CD9-9D04B8AA0947}.Debug|Any CPU.ActiveCfg = Debug|Any CPU
		{019A6568-0A96-42CE-8CD9-9D04B8AA0947}.Debug|Any CPU.Build.0 = Debug|Any CPU
		{019A6568-0A96-42CE-8CD9-9D04B8AA0947}.Release|Any CPU.ActiveCfg = Release|Any CPU
		{019A6568-0A96-42CE-8CD9-9D04B8AA0947}.Release|Any CPU.Build.0 = Release|Any CPU
		{2D13D425-A917-4A36-ACE8-AD7735DA945D}.Debug|Any CPU.ActiveCfg = Debug|Any CPU
		{2D13D425-A917-4A36-ACE8-AD7735DA945D}.Debug|Any CPU.Build.0 = Debug|Any CPU
		{2D13D425-A917-4A36-ACE8-AD7735DA945D}.Release|Any CPU.ActiveCfg = Release|Any CPU
		{2D13D425-A917-4A36-ACE8-AD7735DA945D}.Release|Any CPU.Build.0 = Release|Any CPU
		{2A6ED262-021E-4BCA-A3C9-9CC48294F103}.Debug|Any CPU.ActiveCfg = Debug|Any CPU
		{2A6ED262-021E-4BCA-A3C9-9CC48294F103}.Debug|Any CPU.Build.0 = Debug|Any CPU
		{2A6ED262-021E-4BCA-A3C9-9CC48294F103}.Release|Any CPU.ActiveCfg = Release|Any CPU
		{2A6ED262-021E-4BCA-A3C9-9CC48294F103}.Release|Any CPU.Build.0 = Release|Any CPU
		{C04A345F-D1B6-4B77-A69F-378071AEB05D}.Debug|Any CPU.ActiveCfg = Debug|Any CPU
		{C04A345F-D1B6-4B77-A69F-378071AEB05D}.Debug|Any CPU.Build.0 = Debug|Any CPU
		{C04A345F-D1B6-4B77-A69F-378071AEB05D}.Release|Any CPU.ActiveCfg = Release|Any CPU
		{C04A345F-D1B6-4B77-A69F-378071AEB05D}.Release|Any CPU.Build.0 = Release|Any CPU
		{873FBFF8-3C65-48B0-A16A-802EBFA990A9}.Debug|Any CPU.ActiveCfg = Debug|Any CPU
		{873FBFF8-3C65-48B0-A16A-802EBFA990A9}.Debug|Any CPU.Build.0 = Debug|Any CPU
		{873FBFF8-3C65-48B0-A16A-802EBFA990A9}.Release|Any CPU.ActiveCfg = Release|Any CPU
		{873FBFF8-3C65-48B0-A16A-802EBFA990A9}.Release|Any CPU.Build.0 = Release|Any CPU
		{704267F1-B96A-44AB-A715-FF5E4A99EF4E}.Debug|Any CPU.ActiveCfg = Debug|Any CPU
		{704267F1-B96A-44AB-A715-FF5E4A99EF4E}.Debug|Any CPU.Build.0 = Debug|Any CPU
		{704267F1-B96A-44AB-A715-FF5E4A99EF4E}.Release|Any CPU.ActiveCfg = Release|Any CPU
		{704267F1-B96A-44AB-A715-FF5E4A99EF4E}.Release|Any CPU.Build.0 = Release|Any CPU
		{00A440B3-8C0F-44F7-949A-BE270CE7BC71}.Debug|Any CPU.ActiveCfg = Debug|Any CPU
		{00A440B3-8C0F-44F7-949A-BE270CE7BC71}.Debug|Any CPU.Build.0 = Debug|Any CPU
		{00A440B3-8C0F-44F7-949A-BE270CE7BC71}.Release|Any CPU.ActiveCfg = Release|Any CPU
		{00A440B3-8C0F-44F7-949A-BE270CE7BC71}.Release|Any CPU.Build.0 = Release|Any CPU
		{F8D2A6D3-A78D-436E-8CC2-E089D9BB0631}.Debug|Any CPU.ActiveCfg = Debug|Any CPU
		{F8D2A6D3-A78D-436E-8CC2-E089D9BB0631}.Debug|Any CPU.Build.0 = Debug|Any CPU
		{F8D2A6D3-A78D-436E-8CC2-E089D9BB0631}.Release|Any CPU.ActiveCfg = Release|Any CPU
		{F8D2A6D3-A78D-436E-8CC2-E089D9BB0631}.Release|Any CPU.Build.0 = Release|Any CPU
		{7BE30250-B4E5-4E40-868A-1A7B003284A0}.Debug|Any CPU.ActiveCfg = Debug|Any CPU
		{7BE30250-B4E5-4E40-868A-1A7B003284A0}.Debug|Any CPU.Build.0 = Debug|Any CPU
		{7BE30250-B4E5-4E40-868A-1A7B003284A0}.Release|Any CPU.ActiveCfg = Release|Any CPU
		{7BE30250-B4E5-4E40-868A-1A7B003284A0}.Release|Any CPU.Build.0 = Release|Any CPU
		{1D0F9263-8054-4A50-B291-2C753F2FC870}.Debug|Any CPU.ActiveCfg = Debug|Any CPU
		{1D0F9263-8054-4A50-B291-2C753F2FC870}.Debug|Any CPU.Build.0 = Debug|Any CPU
		{1D0F9263-8054-4A50-B291-2C753F2FC870}.Release|Any CPU.ActiveCfg = Release|Any CPU
		{1D0F9263-8054-4A50-B291-2C753F2FC870}.Release|Any CPU.Build.0 = Release|Any CPU
		{ADE7C8ED-79BC-41D7-95D5-EDA05C53E684}.Debug|Any CPU.ActiveCfg = Debug|Any CPU
		{ADE7C8ED-79BC-41D7-95D5-EDA05C53E684}.Debug|Any CPU.Build.0 = Debug|Any CPU
		{ADE7C8ED-79BC-41D7-95D5-EDA05C53E684}.Release|Any CPU.ActiveCfg = Release|Any CPU
		{ADE7C8ED-79BC-41D7-95D5-EDA05C53E684}.Release|Any CPU.Build.0 = Release|Any CPU
		{550609DC-BC3B-4B1E-BB16-5281B47CCAE0}.Debug|Any CPU.ActiveCfg = Debug|Any CPU
		{550609DC-BC3B-4B1E-BB16-5281B47CCAE0}.Debug|Any CPU.Build.0 = Debug|Any CPU
		{550609DC-BC3B-4B1E-BB16-5281B47CCAE0}.Release|Any CPU.ActiveCfg = Release|Any CPU
		{550609DC-BC3B-4B1E-BB16-5281B47CCAE0}.Release|Any CPU.Build.0 = Release|Any CPU
		{467C4179-FF90-4B7A-A22C-B10479996E88}.Debug|Any CPU.ActiveCfg = Debug|Any CPU
		{467C4179-FF90-4B7A-A22C-B10479996E88}.Debug|Any CPU.Build.0 = Debug|Any CPU
		{467C4179-FF90-4B7A-A22C-B10479996E88}.Release|Any CPU.ActiveCfg = Release|Any CPU
		{467C4179-FF90-4B7A-A22C-B10479996E88}.Release|Any CPU.Build.0 = Release|Any CPU
		{B7314830-04A7-4C5F-BC2C-A93489149A58}.Debug|Any CPU.ActiveCfg = Debug|Any CPU
		{B7314830-04A7-4C5F-BC2C-A93489149A58}.Debug|Any CPU.Build.0 = Debug|Any CPU
		{B7314830-04A7-4C5F-BC2C-A93489149A58}.Release|Any CPU.ActiveCfg = Release|Any CPU
		{B7314830-04A7-4C5F-BC2C-A93489149A58}.Release|Any CPU.Build.0 = Release|Any CPU
		{455C41CC-477B-48B5-82B0-C2458733C60D}.Debug|Any CPU.ActiveCfg = Debug|Any CPU
		{455C41CC-477B-48B5-82B0-C2458733C60D}.Debug|Any CPU.Build.0 = Debug|Any CPU
		{455C41CC-477B-48B5-82B0-C2458733C60D}.Release|Any CPU.ActiveCfg = Release|Any CPU
		{455C41CC-477B-48B5-82B0-C2458733C60D}.Release|Any CPU.Build.0 = Release|Any CPU
		{F3374657-5779-442B-86E3-E923F385486A}.Debug|Any CPU.ActiveCfg = Debug|Any CPU
		{F3374657-5779-442B-86E3-E923F385486A}.Debug|Any CPU.Build.0 = Debug|Any CPU
		{F3374657-5779-442B-86E3-E923F385486A}.Release|Any CPU.ActiveCfg = Release|Any CPU
		{F3374657-5779-442B-86E3-E923F385486A}.Release|Any CPU.Build.0 = Release|Any CPU
		{24C1EEF2-9C60-4610-BDCE-9303213E0831}.Debug|Any CPU.ActiveCfg = Debug|Any CPU
		{24C1EEF2-9C60-4610-BDCE-9303213E0831}.Debug|Any CPU.Build.0 = Debug|Any CPU
		{24C1EEF2-9C60-4610-BDCE-9303213E0831}.Release|Any CPU.ActiveCfg = Release|Any CPU
		{24C1EEF2-9C60-4610-BDCE-9303213E0831}.Release|Any CPU.Build.0 = Release|Any CPU
		{551E2882-07B9-4D1B-8257-46B32B2BA45D}.Debug|Any CPU.ActiveCfg = Debug|Any CPU
		{551E2882-07B9-4D1B-8257-46B32B2BA45D}.Debug|Any CPU.Build.0 = Debug|Any CPU
		{551E2882-07B9-4D1B-8257-46B32B2BA45D}.Release|Any CPU.ActiveCfg = Release|Any CPU
		{551E2882-07B9-4D1B-8257-46B32B2BA45D}.Release|Any CPU.Build.0 = Release|Any CPU
		{B166F6A2-A507-4F3D-9CE3-DB67E5FD1E2E}.Debug|Any CPU.ActiveCfg = Debug|Any CPU
		{B166F6A2-A507-4F3D-9CE3-DB67E5FD1E2E}.Debug|Any CPU.Build.0 = Debug|Any CPU
		{B166F6A2-A507-4F3D-9CE3-DB67E5FD1E2E}.Release|Any CPU.ActiveCfg = Release|Any CPU
		{B166F6A2-A507-4F3D-9CE3-DB67E5FD1E2E}.Release|Any CPU.Build.0 = Release|Any CPU
	EndGlobalSection
EndGlobal
